Microsoft Visual Studio Solution File, Format Version 12.00
# Visual Studio Version 17
VisualStudioVersion = 17.13.35825.156
MinimumVisualStudioVersion = 10.0.40219.1
Project("{FAE04EC0-301F-11D3-BF4B-00C04F79EFBC}") = "microsoft-hackathon-roi-calculator.AppHost", "microsoft-hackathon-roi-calculator.AppHost\microsoft-hackathon-roi-calculator.AppHost.csproj", "{03045D0A-9362-4F94-A30A-2FB8F07BB252}"
EndProject
Project("{FAE04EC0-301F-11D3-BF4B-00C04F79EFBC}") = "microsoft-hackathon-roi-calculator.ServiceDefaults", "microsoft-hackathon-roi-calculator.ServiceDefaults\microsoft-hackathon-roi-calculator.ServiceDefaults.csproj", "{C691FD12-D71E-3D26-209E-322A10200BB8}"
EndProject
Project("{FAE04EC0-301F-11D3-BF4B-00C04F79EFBC}") = "microsoft-hackathon-roi-calculator.ApiService", "microsoft-hackathon-roi-calculator.ApiService\microsoft-hackathon-roi-calculator.ApiService.csproj", "{A1184622-9773-F88B-35B7-A79DF0CD0AC8}"
EndProject
Project("{FAE04EC0-301F-11D3-BF4B-00C04F79EFBC}") = "microsoft-hackathon-roi-calculator.Tests", "microsoft-hackathon-roi-calculator.Tests\microsoft-hackathon-roi-calculator.Tests.csproj", "{12282E79-6E19-D8B3-CFBB-A88A957BEB7A}"
EndProject
Project("{FAE04EC0-301F-11D3-BF4B-00C04F79EFBC}") = "microsoft-hackathon-roi-calculator.Core", "microsoft-hackathon-roi-calculator.Core\microsoft-hackathon-roi-calculator.Core.csproj", "{7387FB13-BF11-40F7-960C-2F01621F2FD7}"
EndProject
Project("{FAE04EC0-301F-11D3-BF4B-00C04F79EFBC}") = "microsoft-hackathon-roi-calculator.Web", "microsoft-hackathon-roi-calculator.Web\microsoft-hackathon-roi-calculator.Web.csproj", "{EA403AEA-91AD-4211-AD24-1850A474C2EC}"
EndProject
Project("{FAE04EC0-301F-11D3-BF4B-00C04F79EFBC}") = "microsoft-hackathon-roi-calculator.Mobile", "microsoft-hackathon-roi-calculator.Mobile\microsoft-hackathon-roi-calculator.Mobile.csproj", "{9EBA7617-67EA-4A59-9E40-CCD8D35EB1DC}"
EndProject
Project("{FAE04EC0-301F-11D3-BF4B-00C04F79EFBC}") = "microsoft-hackathon-roi-calculator.Functions", "microsoft-hackathon-roi-calculator.Functions\microsoft-hackathon-roi-calculator.Functions.csproj", "{FD0491BB-1E09-4B1D-9F98-EC5E4BB5928E}"
EndProject
Global
	GlobalSection(SolutionConfigurationPlatforms) = preSolution
		Debug|Any CPU = Debug|Any CPU
		Release|Any CPU = Release|Any CPU
	EndGlobalSection
	GlobalSection(ProjectConfigurationPlatforms) = postSolution
		{03045D0A-9362-4F94-A30A-2FB8F07BB252}.Debug|Any CPU.ActiveCfg = Debug|Any CPU
		{03045D0A-9362-4F94-A30A-2FB8F07BB252}.Debug|Any CPU.Build.0 = Debug|Any CPU
		{03045D0A-9362-4F94-A30A-2FB8F07BB252}.Release|Any CPU.ActiveCfg = Release|Any CPU
		{03045D0A-9362-4F94-A30A-2FB8F07BB252}.Release|Any CPU.Build.0 = Release|Any CPU
		{C691FD12-D71E-3D26-209E-322A10200BB8}.Debug|Any CPU.ActiveCfg = Debug|Any CPU
		{C691FD12-D71E-3D26-209E-322A10200BB8}.Debug|Any CPU.Build.0 = Debug|Any CPU
		{C691FD12-D71E-3D26-209E-322A10200BB8}.Release|Any CPU.ActiveCfg = Release|Any CPU
		{C691FD12-D71E-3D26-209E-322A10200BB8}.Release|Any CPU.Build.0 = Release|Any CPU
		{A1184622-9773-F88B-35B7-A79DF0CD0AC8}.Debug|Any CPU.ActiveCfg = Debug|Any CPU
		{A1184622-9773-F88B-35B7-A79DF0CD0AC8}.Debug|Any CPU.Build.0 = Debug|Any CPU
		{A1184622-9773-F88B-35B7-A79DF0CD0AC8}.Release|Any CPU.ActiveCfg = Release|Any CPU
		{A1184622-9773-F88B-35B7-A79DF0CD0AC8}.Release|Any CPU.Build.0 = Release|Any CPU
		{12282E79-6E19-D8B3-CFBB-A88A957BEB7A}.Debug|Any CPU.ActiveCfg = Debug|Any CPU
		{12282E79-6E19-D8B3-CFBB-A88A957BEB7A}.Debug|Any CPU.Build.0 = Debug|Any CPU
		{12282E79-6E19-D8B3-CFBB-A88A957BEB7A}.Release|Any CPU.ActiveCfg = Release|Any CPU
		{12282E79-6E19-D8B3-CFBB-A88A957BEB7A}.Release|Any CPU.Build.0 = Release|Any CPU
		{7387FB13-BF11-40F7-960C-2F01621F2FD7}.Debug|Any CPU.ActiveCfg = Debug|Any CPU
		{7387FB13-BF11-40F7-960C-2F01621F2FD7}.Debug|Any CPU.Build.0 = Debug|Any CPU
		{7387FB13-BF11-40F7-960C-2F01621F2FD7}.Release|Any CPU.ActiveCfg = Release|Any CPU
		{7387FB13-BF11-40F7-960C-2F01621F2FD7}.Release|Any CPU.Build.0 = Release|Any CPU
		{EA403AEA-91AD-4211-AD24-1850A474C2EC}.Debug|Any CPU.ActiveCfg = Debug|Any CPU
		{EA403AEA-91AD-4211-AD24-1850A474C2EC}.Debug|Any CPU.Build.0 = Debug|Any CPU
		{EA403AEA-91AD-4211-AD24-1850A474C2EC}.Release|Any CPU.ActiveCfg = Release|Any CPU
		{EA403AEA-91AD-4211-AD24-1850A474C2EC}.Release|Any CPU.Build.0 = Release|Any CPU
		{9EBA7617-67EA-4A59-9E40-CCD8D35EB1DC}.Debug|Any CPU.ActiveCfg = Debug|Any CPU
		{9EBA7617-67EA-4A59-9E40-CCD8D35EB1DC}.Debug|Any CPU.Build.0 = Debug|Any CPU
		{9EBA7617-67EA-4A59-9E40-CCD8D35EB1DC}.Release|Any CPU.ActiveCfg = Release|Any CPU
		{9EBA7617-67EA-4A59-9E40-CCD8D35EB1DC}.Release|Any CPU.Build.0 = Release|Any CPU
		{FD0491BB-1E09-4B1D-9F98-EC5E4BB5928E}.Debug|Any CPU.ActiveCfg = Debug|Any CPU
		{FD0491BB-1E09-4B1D-9F98-EC5E4BB5928E}.Debug|Any CPU.Build.0 = Debug|Any CPU
		{FD0491BB-1E09-4B1D-9F98-EC5E4BB5928E}.Release|Any CPU.ActiveCfg = Release|Any CPU
		{FD0491BB-1E09-4B1D-9F98-EC5E4BB5928E}.Release|Any CPU.Build.0 = Release|Any CPU
	EndGlobalSection
	GlobalSection(SolutionProperties) = preSolution
		HideSolutionNode = FALSE
	EndGlobalSection
	GlobalSection(ExtensibilityGlobals) = postSolution
		SolutionGuid = {84AEA9F5-9343-418A-A33F-A92087E6D888}
	EndGlobalSection
EndGlobal
